{
  "lockfile_version": "1",
  "packages": {
    "bun@latest": {
      "last_modified": "2025-07-28T17:09:23Z",
      "resolved": "github:NixOS/nixpkgs/648f70160c03151bc2121d179291337ad6bc564b#bun",
      "source": "devbox-search",
      "version": "1.2.19",
      "systems": {
        "aarch64-darwin": {
          "outputs": [
            {
              "name": "out",
              "path": "/nix/store/l08n46gh7klp2k7nyvmnx79f8p4hysfn-bun-1.2.19",
              "default": true
            }
          ],
          "store_path": "/nix/store/l08n46gh7klp2k7nyvmnx79f8p4hysfn-bun-1.2.19"
        },
        "aarch64-linux": {
          "outputs": [
            {
              "name": "out",
              "path": "/nix/store/z8g8qnq77kiam9p28i0mgz1c593p20zj-bun-1.2.19",
              "default": true
            }
          ],
          "store_path": "/nix/store/z8g8qnq77kiam9p28i0mgz1c593p20zj-bun-1.2.19"
        },
        "x86_64-darwin": {
          "outputs": [
            {
              "name": "out",
              "path": "/nix/store/xqb8kv7x7jvw20568vprcbc0vvwwrr1w-bun-1.2.19",
              "default": true
            }
          ],
          "store_path": "/nix/store/xqb8kv7x7jvw20568vprcbc0vvwwrr1w-bun-1.2.19"
        },
        "x86_64-linux": {
          "outputs": [
            {
              "name": "out",
              "path": "/nix/store/vhsmlg6lmlgydrmjgqnn7zx524cn3q2x-bun-1.2.19",
              "default": true
            }
          ],
          "store_path": "/nix/store/vhsmlg6lmlgydrmjgqnn7zx524cn3q2x-bun-1.2.19"
        }
      }
    },
    "github:NixOS/nixpkgs/nixpkgs-unstable": {
      "last_modified": "2025-08-25T22:07:10Z",
      "resolved": "github:NixOS/nixpkgs/84c256e42600cb0fdf25763b48d28df2f25a0c8b?lastModified=1756159630&narHash=sha256-ohMvsjtSVdT%2FbruXf5ClBh8ZYXRmD4krmjKrXhEvwMg%3D"
    },
    "go-task@latest": {
      "last_modified": "2025-08-03T19:18:05Z",
      "resolved": "github:NixOS/nixpkgs/bf9fa86a9b1005d932f842edf2c38eeecc98eef3#go-task",
      "source": "devbox-search",
      "version": "3.44.1",
      "systems": {
        "aarch64-darwin": {
          "outputs": [
            {
              "name": "out",
              "path": "/nix/store/2s2xbxzkshricg27p5m6qg8xay6j1qcm-go-task-3.44.1",
              "default": true
            }
          ],
          "store_path": "/nix/store/2s2xbxzkshricg27p5m6qg8xay6j1qcm-go-task-3.44.1"
        },
        "aarch64-linux": {
          "outputs": [
            {
              "name": "out",
              "path": "/nix/store/gf4cj1rnppcdbn1pksaw1a4zs6mm97h1-go-task-3.44.1",
              "default": true
            }
          ],
          "store_path": "/nix/store/gf4cj1rnppcdbn1pksaw1a4zs6mm97h1-go-task-3.44.1"
        },
        "x86_64-darwin": {
          "outputs": [
            {
              "name": "out",
              "path": "/nix/store/nq56q1rfknrl3b7acshqbiyrg6xnq39r-go-task-3.44.1",
              "default": true
            }
          ],
          "store_path": "/nix/store/nq56q1rfknrl3b7acshqbiyrg6xnq39r-go-task-3.44.1"
        },
        "x86_64-linux": {
          "outputs": [
            {
              "name": "out",
              "path": "/nix/store/zjfzqsapmydx7y49clmj29l75ki4gi11-go-task-3.44.1",
              "default": true
            }
          ],
          "store_path": "/nix/store/zjfzqsapmydx7y49clmj29l75ki4gi11-go-task-3.44.1"
        }
      }
    }
  }
}
